
Microsoft Visual Studio Solution File, Format Version 12.00
# Visual Studio Version 17
VisualStudioVersion = 17.10.34916.146
MinimumVisualStudioVersion = 10.0.40219.1
Project("{FAE04EC0-301F-11D3-BF4B-00C04F79EFBC}") = "Hortifruti", "Hortifruti\Hortifruti.csproj", "{7D9212EC-45C3-45DA-81B0-B05B4AB6CAC1}"
EndProject
Global
	GlobalSection(SolutionConfigurationPlatforms) = preSolution
		Debug|Any CPU = Debug|Any CPU
		Release|Any CPU = Release|Any CPU
	EndGlobalSection
	GlobalSection(ProjectConfigurationPlatforms) = postSolution
		{7D9212EC-45C3-45DA-81B0-B05B4AB6CAC1}.Debug|Any CPU.ActiveCfg = Debug|Any CPU
		{7D9212EC-45C3-45DA-81B0-B05B4AB6CAC1}.Debug|Any CPU.Build.0 = Debug|Any CPU
		{7D9212EC-45C3-45DA-81B0-B05B4AB6CAC1}.Release|Any CPU.ActiveCfg = Release|Any CPU
		{7D9212EC-45C3-45DA-81B0-B05B4AB6CAC1}.Release|Any CPU.Build.0 = Release|Any CPU
	EndGlobalSection
	GlobalSection(SolutionProperties) = preSolution
		HideSolutionNode = FALSE
	EndGlobalSection
	GlobalSection(ExtensibilityGlobals) = postSolution
		SolutionGuid = {FD16D98E-3380-4DCC-A7F2-E8933DA3772F}
	EndGlobalSection
EndGlobal
